
Microsoft Visual Studio Solution File, Format Version 12.00
# Visual Studio 15
VisualStudioVersion = 15.0.28307.168
MinimumVisualStudioVersion = 10.0.40219.1
Project("{FAE04EC0-301F-11D3-BF4B-00C04F79EFBC}") = "opgave_variablertal", "opgave_variablertal\opgave_variablertal.csproj", "{DA40D754-D00F-4E15-ADF8-97EEAC6A0A68}"
EndProject
Project("{FAE04EC0-301F-11D3-BF4B-00C04F79EFBC}") = "OpgaveBeregner", "OpgaveBeregner\OpgaveBeregner.csproj", "{F4FDEFB2-207A-4403-9E55-C7BB97525F16}"
EndProject
Project("{FAE04EC0-301F-11D3-BF4B-00C04F79EFBC}") = "OpgaveDateTime", "OpgaveDateTime\OpgaveDateTime.csproj", "{D628F62F-454B-4AA4-968E-3BE3D91B96DE}"
EndProject
Project("{FAE04EC0-301F-11D3-BF4B-00C04F79EFBC}") = "SpilKort", "SpilKort\SpilKort.csproj", "{46498D4F-F8D3-4E0F-9E46-852AA28FC46F}"
EndProject
Project("{FAE04EC0-301F-11D3-BF4B-00C04F79EFBC}") = "Flow", "Flow\Flow.csproj", "{A69DFE21-36F9-47CF-9335-C49E7E12BF98}"
EndProject
Project("{FAE04EC0-301F-11D3-BF4B-00C04F79EFBC}") = "Arv_Simpel", "Arv_Simpel\Arv_Simpel.csproj", "{7B66AA77-5221-473C-AB04-04E8DC0A7220}"
EndProject
Project("{FAE04EC0-301F-11D3-BF4B-00C04F79EFBC}") = "Arv_SystemRandom", "Arv_SystemRandom\Arv_SystemRandom.csproj", "{E68940BC-81BA-4697-9F98-B62E5D981CD9}"
EndProject
Project("{FAE04EC0-301F-11D3-BF4B-00C04F79EFBC}") = "Arv_Exception", "Arv_Exception\Arv_Exception.csproj", "{9964B4F9-B3C9-4EF6-85C7-803CEF43EADA}"
EndProject
Project("{FAE04EC0-301F-11D3-BF4B-00C04F79EFBC}") = "Arv_Terning", "Arv_Terning\Arv_Terning.csproj", "{189C8405-B26A-47C3-AA60-4B504029BB29}"
EndProject
Project("{FAE04EC0-301F-11D3-BF4B-00C04F79EFBC}") = "Arv_TerningAKA", "Arv_TerningAKA\Arv_TerningAKA.csproj", "{600AFA1E-E374-4582-9ED6-D8343FC78414}"
EndProject
Project("{FAE04EC0-301F-11D3-BF4B-00C04F79EFBC}") = "Arv_Polymorfi", "Arv_Polymorfi\Arv_Polymorfi.csproj", "{9F9BB593-7674-4DCD-8BA7-B05C98841B06}"
EndProject
Project("{FAE04EC0-301F-11D3-BF4B-00C04F79EFBC}") = "Arv_PolymorfiDyr", "Arv_PolymorfiDyr\Arv_PolymorfiDyr.csproj", "{78E629E3-9F1D-438E-BDCD-C37DE6CFDA8D}"
EndProject
Project("{FAE04EC0-301F-11D3-BF4B-00C04F79EFBC}") = "Interface_Eget", "Interface_Eget\Interface_Eget.csproj", "{11DB9DE0-4433-4C89-9F72-7A043476977F}"
EndProject
Project("{FAE04EC0-301F-11D3-BF4B-00C04F79EFBC}") = "Compare", "Compare\Compare.csproj", "{FB53BABA-97DF-4978-83B2-30C7CF633404}"
EndProject
Global
	GlobalSection(SolutionConfigurationPlatforms) = preSolution
		Debug|Any CPU = Debug|Any CPU
		Release|Any CPU = Release|Any CPU
	EndGlobalSection
	GlobalSection(ProjectConfigurationPlatforms) = postSolution
		{DA40D754-D00F-4E15-ADF8-97EEAC6A0A68}.Debug|Any CPU.ActiveCfg = Debug|Any CPU
		{DA40D754-D00F-4E15-ADF8-97EEAC6A0A68}.Debug|Any CPU.Build.0 = Debug|Any CPU
		{DA40D754-D00F-4E15-ADF8-97EEAC6A0A68}.Release|Any CPU.ActiveCfg = Release|Any CPU
		{DA40D754-D00F-4E15-ADF8-97EEAC6A0A68}.Release|Any CPU.Build.0 = Release|Any CPU
		{F4FDEFB2-207A-4403-9E55-C7BB97525F16}.Debug|Any CPU.ActiveCfg = Debug|Any CPU
		{F4FDEFB2-207A-4403-9E55-C7BB97525F16}.Debug|Any CPU.Build.0 = Debug|Any CPU
		{F4FDEFB2-207A-4403-9E55-C7BB97525F16}.Release|Any CPU.ActiveCfg = Release|Any CPU
		{F4FDEFB2-207A-4403-9E55-C7BB97525F16}.Release|Any CPU.Build.0 = Release|Any CPU
		{D628F62F-454B-4AA4-968E-3BE3D91B96DE}.Debug|Any CPU.ActiveCfg = Debug|Any CPU
		{D628F62F-454B-4AA4-968E-3BE3D91B96DE}.Debug|Any CPU.Build.0 = Debug|Any CPU
		{D628F62F-454B-4AA4-968E-3BE3D91B96DE}.Release|Any CPU.ActiveCfg = Release|Any CPU
		{D628F62F-454B-4AA4-968E-3BE3D91B96DE}.Release|Any CPU.Build.0 = Release|Any CPU
		{46498D4F-F8D3-4E0F-9E46-852AA28FC46F}.Debug|Any CPU.ActiveCfg = Debug|Any CPU
		{46498D4F-F8D3-4E0F-9E46-852AA28FC46F}.Debug|Any CPU.Build.0 = Debug|Any CPU
		{46498D4F-F8D3-4E0F-9E46-852AA28FC46F}.Release|Any CPU.ActiveCfg = Release|Any CPU
		{46498D4F-F8D3-4E0F-9E46-852AA28FC46F}.Release|Any CPU.Build.0 = Release|Any CPU
		{A69DFE21-36F9-47CF-9335-C49E7E12BF98}.Debug|Any CPU.ActiveCfg = Debug|Any CPU
		{A69DFE21-36F9-47CF-9335-C49E7E12BF98}.Debug|Any CPU.Build.0 = Debug|Any CPU
		{A69DFE21-36F9-47CF-9335-C49E7E12BF98}.Release|Any CPU.ActiveCfg = Release|Any CPU
		{A69DFE21-36F9-47CF-9335-C49E7E12BF98}.Release|Any CPU.Build.0 = Release|Any CPU
		{7B66AA77-5221-473C-AB04-04E8DC0A7220}.Debug|Any CPU.ActiveCfg = Debug|Any CPU
		{7B66AA77-5221-473C-AB04-04E8DC0A7220}.Debug|Any CPU.Build.0 = Debug|Any CPU
		{7B66AA77-5221-473C-AB04-04E8DC0A7220}.Release|Any CPU.ActiveCfg = Release|Any CPU
		{7B66AA77-5221-473C-AB04-04E8DC0A7220}.Release|Any CPU.Build.0 = Release|Any CPU
		{E68940BC-81BA-4697-9F98-B62E5D981CD9}.Debug|Any CPU.ActiveCfg = Debug|Any CPU
		{E68940BC-81BA-4697-9F98-B62E5D981CD9}.Debug|Any CPU.Build.0 = Debug|Any CPU
		{E68940BC-81BA-4697-9F98-B62E5D981CD9}.Release|Any CPU.ActiveCfg = Release|Any CPU
		{E68940BC-81BA-4697-9F98-B62E5D981CD9}.Release|Any CPU.Build.0 = Release|Any CPU
		{9964B4F9-B3C9-4EF6-85C7-803CEF43EADA}.Debug|Any CPU.ActiveCfg = Debug|Any CPU
		{9964B4F9-B3C9-4EF6-85C7-803CEF43EADA}.Debug|Any CPU.Build.0 = Debug|Any CPU
		{9964B4F9-B3C9-4EF6-85C7-803CEF43EADA}.Release|Any CPU.ActiveCfg = Release|Any CPU
		{9964B4F9-B3C9-4EF6-85C7-803CEF43EADA}.Release|Any CPU.Build.0 = Release|Any CPU
		{189C8405-B26A-47C3-AA60-4B504029BB29}.Debug|Any CPU.ActiveCfg = Debug|Any CPU
		{189C8405-B26A-47C3-AA60-4B504029BB29}.Debug|Any CPU.Build.0 = Debug|Any CPU
		{189C8405-B26A-47C3-AA60-4B504029BB29}.Release|Any CPU.ActiveCfg = Release|Any CPU
		{189C8405-B26A-47C3-AA60-4B504029BB29}.Release|Any CPU.Build.0 = Release|Any CPU
		{600AFA1E-E374-4582-9ED6-D8343FC78414}.Debug|Any CPU.ActiveCfg = Debug|Any CPU
		{600AFA1E-E374-4582-9ED6-D8343FC78414}.Debug|Any CPU.Build.0 = Debug|Any CPU
		{600AFA1E-E374-4582-9ED6-D8343FC78414}.Release|Any CPU.ActiveCfg = Release|Any CPU
		{600AFA1E-E374-4582-9ED6-D8343FC78414}.Release|Any CPU.Build.0 = Release|Any CPU
		{9F9BB593-7674-4DCD-8BA7-B05C98841B06}.Debug|Any CPU.ActiveCfg = Debug|Any CPU
		{9F9BB593-7674-4DCD-8BA7-B05C98841B06}.Debug|Any CPU.Build.0 = Debug|Any CPU
		{9F9BB593-7674-4DCD-8BA7-B05C98841B06}.Release|Any CPU.ActiveCfg = Release|Any CPU
		{9F9BB593-7674-4DCD-8BA7-B05C98841B06}.Release|Any CPU.Build.0 = Release|Any CPU
		{78E629E3-9F1D-438E-BDCD-C37DE6CFDA8D}.Debug|Any CPU.ActiveCfg = Debug|Any CPU
		{78E629E3-9F1D-438E-BDCD-C37DE6CFDA8D}.Debug|Any CPU.Build.0 = Debug|Any CPU
		{78E629E3-9F1D-438E-BDCD-C37DE6CFDA8D}.Release|Any CPU.ActiveCfg = Release|Any CPU
		{78E629E3-9F1D-438E-BDCD-C37DE6CFDA8D}.Release|Any CPU.Build.0 = Release|Any CPU
		{11DB9DE0-4433-4C89-9F72-7A043476977F}.Debug|Any CPU.ActiveCfg = Debug|Any CPU
		{11DB9DE0-4433-4C89-9F72-7A043476977F}.Debug|Any CPU.Build.0 = Debug|Any CPU
		{11DB9DE0-4433-4C89-9F72-7A043476977F}.Release|Any CPU.ActiveCfg = Release|Any CPU
		{11DB9DE0-4433-4C89-9F72-7A043476977F}.Release|Any CPU.Build.0 = Release|Any CPU
		{FB53BABA-97DF-4978-83B2-30C7CF633404}.Debug|Any CPU.ActiveCfg = Debug|Any CPU
		{FB53BABA-97DF-4978-83B2-30C7CF633404}.Debug|Any CPU.Build.0 = Debug|Any CPU
		{FB53BABA-97DF-4978-83B2-30C7CF633404}.Release|Any CPU.ActiveCfg = Release|Any CPU
		{FB53BABA-97DF-4978-83B2-30C7CF633404}.Release|Any CPU.Build.0 = Release|Any CPU
	EndGlobalSection
	GlobalSection(SolutionProperties) = preSolution
		HideSolutionNode = FALSE
	EndGlobalSection
	GlobalSection(ExtensibilityGlobals) = postSolution
		SolutionGuid = {C1254A46-9901-4E2E-82A3-9E0E6EBEEB1D}
	EndGlobalSection
EndGlobal
